{
  "name": "dependency1",
  "version": "1.0.0",
  "lockfileVersion": 2,
  "requires": true,
  "packages": {
    "": {
      "version": "1.0.0",
      "license": "ISC",
      "dependencies": {
        "dependency2": "file:../dependency2"
      }
    },
    "../dependency2": {
      "version": "1.0.0",
      "license": "ISC"
    },
    "node_modules/dependency2": {
      "resolved": "../dependency2",
      "link": true
    }
  },
  "dependencies": {
    "dependency2": {
      "version": "file:../dependency2"
    }
  }
}
